
Microsoft Visual Studio Solution File, Format Version 12.00
# Visual Studio 2013
VisualStudioVersion = 12.0.40629.0
MinimumVisualStudioVersion = 10.0.40219.1
Project("{FAE04EC0-301F-11D3-BF4B-00C04F79EFBC}") = "Laba2 Optimization", "Laba2 Optimization\Laba2 Optimization.csproj", "{83A06057-DD37-405A-AB8B-D9B73D2A08C5}"
EndProject
Project("{FAE04EC0-301F-11D3-BF4B-00C04F79EFBC}") = "Laba1 Optimization", "Laba1 Optimization\Laba1 Optimization.csproj", "{4358E75C-69B2-402B-A2D6-F84492C643FC}"
EndProject
Global
	GlobalSection(SolutionConfigurationPlatforms) = preSolution
		Debug|Any CPU = Debug|Any CPU
		Release|Any CPU = Release|Any CPU
	EndGlobalSection
	GlobalSection(ProjectConfigurationPlatforms) = postSolution
		{83A06057-DD37-405A-AB8B-D9B73D2A08C5}.Debug|Any CPU.ActiveCfg = Debug|Any CPU
		{83A06057-DD37-405A-AB8B-D9B73D2A08C5}.Debug|Any CPU.Build.0 = Debug|Any CPU
		{83A06057-DD37-405A-AB8B-D9B73D2A08C5}.Release|Any CPU.ActiveCfg = Release|Any CPU
		{83A06057-DD37-405A-AB8B-D9B73D2A08C5}.Release|Any CPU.Build.0 = Release|Any CPU
		{4358E75C-69B2-402B-A2D6-F84492C643FC}.Debug|Any CPU.ActiveCfg = Debug|Any CPU
		{4358E75C-69B2-402B-A2D6-F84492C643FC}.Debug|Any CPU.Build.0 = Debug|Any CPU
		{4358E75C-69B2-402B-A2D6-F84492C643FC}.Release|Any CPU.ActiveCfg = Release|Any CPU
		{4358E75C-69B2-402B-A2D6-F84492C643FC}.Release|Any CPU.Build.0 = Release|Any CPU
	EndGlobalSection
	GlobalSection(SolutionProperties) = preSolution
		HideSolutionNode = FALSE
	EndGlobalSection
EndGlobal
